{
  "name": "human-real-client-e2e",
  "version": "1.0.0",
  "lockfileVersion": 3,
  "requires": true,
  "packages": {
    "": {
      "name": "human-real-client-e2e",
      "version": "1.0.0",
      "license": "UNLICENSED",
      "dependencies": {
        "@anthropic-ai/claude-code": "2.1.217",
        "@openai/codex": "0.145.0",
        "opencode-ai": "1.17.18"
      },
      "engines": {
        "node": "22.22.0"
      }
    },
    "node_modules/@anthropic-ai/claude-code": {
      "version": "2.1.217",
      "resolved": "https://registry.npmjs.org/@anthropic-ai/claude-code/-/claude-code-2.1.217.tgz",
      "integrity": "sha512-EIcc3GmI7x+qPlKCjpcLIjCh7YOaCFbOqKfL4BmwZS6QmtduVNT5E98oyr8n2cxsgeWVbnQ0mSVljTw5C/kFtA==",
      "hasInstallScript": true,
      "license": "SEE LICENSE IN README.md",
      "bin": {
        "claude": "bin/claude.exe"
      },
      "engines": {
        "node": ">=22.0.0"
      },
      "optionalDependencies": {
        "@anthropic-ai/claude-code-darwin-arm64": "2.1.217",
        "@anthropic-ai/claude-code-darwin-x64": "2.1.217",
        "@anthropic-ai/claude-code-linux-arm64": "2.1.217",
        "@anthropic-ai/claude-code-linux-arm64-musl": "2.1.217",
        "@anthropic-ai/claude-code-linux-x64": "2.1.217",
        "@anthropic-ai/claude-code-linux-x64-musl": "2.1.217",
        "@anthropic-ai/claude-code-win32-arm64": "2.1.217",
        "@anthropic-ai/claude-code-win32-x64": "2.1.217"
      }
    },
    "node_modules/@anthropic-ai/claude-code-darwin-arm64": {
      "version": "2.1.217",
      "resolved": "https://registry.npmjs.org/@anthropic-ai/claude-code-darwin-arm64/-/claude-code-darwin-arm64-2.1.217.tgz",
      "integrity": "sha512-w1n/sitmcNyR0G8VzJ4j2RuNVd+K1oVO7YD69y2Je0kzTJ0XMhMXSe1DDd5i0Q93CabhftvRBo1Ja/ZEOvDALg==",
      "cpu": [
        "arm64"
      ],
      "license": "SEE LICENSE IN LICENSE.md",
      "optional": true,
      "os": [
        "darwin"
      ]
    },
    "node_modules/@anthropic-ai/claude-code-darwin-x64": {
      "version": "2.1.217",
      "resolved": "https://registry.npmjs.org/@anthropic-ai/claude-code-darwin-x64/-/claude-code-darwin-x64-2.1.217.tgz",
      "integrity": "sha512-aXEI06uRiJw5aeM1PWRo8iiSLAwbTp60cI8+A6UFY3MII9HCWauGcya8n9peSB83Qxz0i63hjVLpVrgt92cHAg==",
      "cpu": [
        "x64"
      ],
      "license": "SEE LICENSE IN LICENSE.md",
      "optional": true,
      "os": [
        "darwin"
      ]
    },
    "node_modules/@anthropic-ai/claude-code-linux-arm64": {
      "version": "2.1.217",
      "resolved": "https://registry.npmjs.org/@anthropic-ai/claude-code-linux-arm64/-/claude-code-linux-arm64-2.1.217.tgz",
      "integrity": "sha512-u0uRgmcZTL1vVQVvFbQ2GVjmmFQ+MhEGNrWaqm5xddqpVPE3RGVlm6wt1icMieV+wGdwCAzBNb89MeRM5giwzw==",
      "cpu": [
        "arm64"
      ],
      "libc": [
        "glibc"
      ],
      "license": "SEE LICENSE IN LICENSE.md",
      "optional": true,
      "os": [
        "linux"
      ]
    },
    "node_modules/@anthropic-ai/claude-code-linux-arm64-musl": {
      "version": "2.1.217",
      "resolved": "https://registry.npmjs.org/@anthropic-ai/claude-code-linux-arm64-musl/-/claude-code-linux-arm64-musl-2.1.217.tgz",
      "integrity": "sha512-gw/12P/vY0WIV9babBvk5M4c4J2BT3A09tX5KcGsqcnYf+wuYnOSmUFTVImb7OMlCDIBGPjCDmgfSUVs0pTGQg==",
      "cpu": [
        "arm64"
      ],
      "libc": [
        "musl"
      ],
      "license": "SEE LICENSE IN LICENSE.md",
      "optional": true,
      "os": [
        "linux"
      ]
    },
    "node_modules/@anthropic-ai/claude-code-linux-x64": {
      "version": "2.1.217",
      "resolved": "https://registry.npmjs.org/@anthropic-ai/claude-code-linux-x64/-/claude-code-linux-x64-2.1.217.tgz",
      "integrity": "sha512-tZbghQ8V49xA2uWuooi5+ZkN1l9JMC6cVCKUFL95qevNgi9HmAB312IgsbKdJd733QvVkBDeHqrvMuihcdtLvg==",
      "cpu": [
        "x64"
      ],
      "libc": [
        "glibc"
      ],
      "license": "SEE LICENSE IN LICENSE.md",
      "optional": true,
      "os": [
        "linux"
      ]
    },
    "node_modules/@anthropic-ai/claude-code-linux-x64-musl": {
      "version": "2.1.217",
      "resolved": "https://registry.npmjs.org/@anthropic-ai/claude-code-linux-x64-musl/-/claude-code-linux-x64-musl-2.1.217.tgz",
      "integrity": "sha512-NRqy7DkptF+cPVwOu99JOo4E5KIFwY7XNfXefbPYUmJQEaZT6GakLaRY7KZnb7QCzV6G2ib40IU/IE4cpfzOdQ==",
      "cpu": [
        "x64"
      ],
      "libc": [
        "musl"
      ],
      "license": "SEE LICENSE IN LICENSE.md",
      "optional": true,
      "os": [
        "linux"
      ]
    },
    "node_modules/@anthropic-ai/claude-code-win32-arm64": {
      "version": "2.1.217",
      "resolved": "https://registry.npmjs.org/@anthropic-ai/claude-code-win32-arm64/-/claude-code-win32-arm64-2.1.217.tgz",
      "integrity": "sha512-MNXUzpmAvcTw3q8k4mrAxmJTTPr72Kwz+USHaXNn9Dnuf00fzPRtpxAbvRoP8rmiAvaxkx1FhIDMrx9MTr3OEA==",
      "cpu": [
        "arm64"
      ],
      "license": "SEE LICENSE IN LICENSE.md",
      "optional": true,
      "os": [
        "win32"
      ]
    },
    "node_modules/@anthropic-ai/claude-code-win32-x64": {
      "version": "2.1.217",
      "resolved": "https://registry.npmjs.org/@anthropic-ai/claude-code-win32-x64/-/claude-code-win32-x64-2.1.217.tgz",
      "integrity": "sha512-NOopwp5bEXPR6TQiomDkRIKX1MQ24MzzTRUj6Oo7or2k4STB4qmCMHpYSJafllhv77HEQAWk4x+EVzp1hiHpVg==",
      "cpu": [
        "x64"
      ],
      "license": "SEE LICENSE IN LICENSE.md",
      "optional": true,
      "os": [
        "win32"
      ]
    },
    "node_modules/@openai/codex": {
      "version": "0.145.0",
      "resolved": "https://registry.npmjs.org/@openai/codex/-/codex-0.145.0.tgz",
      "integrity": "sha512-/PSPSFujjjmiyVFvG2yu/grOFhsWdokTH8t2KGWhXSo/M5n/dIDsnbsnO82/7bLtIoDuzQf7ATBUMWqPWQINlQ==",
      "license": "Apache-2.0",
      "bin": {
        "codex": "bin/codex.js"
      },
      "engines": {
        "node": ">=16"
      },
      "optionalDependencies": {
        "@openai/codex-darwin-arm64": "npm:@openai/codex@0.145.0-darwin-arm64",
        "@openai/codex-darwin-x64": "npm:@openai/codex@0.145.0-darwin-x64",
        "@openai/codex-linux-arm64": "npm:@openai/codex@0.145.0-linux-arm64",
        "@openai/codex-linux-x64": "npm:@openai/codex@0.145.0-linux-x64",
        "@openai/codex-win32-arm64": "npm:@openai/codex@0.145.0-win32-arm64",
        "@openai/codex-win32-x64": "npm:@openai/codex@0.145.0-win32-x64"
      }
    },
    "node_modules/@openai/codex-darwin-arm64": {
      "name": "@openai/codex",
      "version": "0.145.0-darwin-arm64",
      "resolved": "https://registry.npmjs.org/@openai/codex/-/codex-0.145.0-darwin-arm64.tgz",
      "integrity": "sha512-h6aQ0UxnaP8mIM/9/qPAH9MNkRliJo88toq1T36IxNM2L5JSU0TFamu+MZn7YkFgDsrp0RfiI+97Tm8AVVxqtA==",
      "cpu": [
        "arm64"
      ],
      "license": "Apache-2.0",
      "optional": true,
      "os": [
        "darwin"
      ],
      "engines": {
        "node": ">=16"
      }
    },
    "node_modules/@openai/codex-darwin-x64": {
      "name": "@openai/codex",
      "version": "0.145.0-darwin-x64",
      "resolved": "https://registry.npmjs.org/@openai/codex/-/codex-0.145.0-darwin-x64.tgz",
      "integrity": "sha512-FCYzVKCa9VoLtg9gVyzKpqylonfgZrfcWZN6HsXAZPeuo8CukdMqdgTUOhDn2V6h3MbqS0z6VqQVKUllN/yKhA==",
      "cpu": [
        "x64"
      ],
      "license": "Apache-2.0",
      "optional": true,
      "os": [
        "darwin"
      ],
      "engines": {
        "node": ">=16"
      }
    },
    "node_modules/@openai/codex-linux-arm64": {
      "name": "@openai/codex",
      "version": "0.145.0-linux-arm64",
      "resolved": "https://registry.npmjs.org/@openai/codex/-/codex-0.145.0-linux-arm64.tgz",
      "integrity": "sha512-8OLcPXaAol/FOrRoDxWhIiHIFa73KRsM41EKocjRZOwiT4TcelzJWn3dHyiuSb7teWF25rrslvSPyvhULYRRCQ==",
      "cpu": [
        "arm64"
      ],
      "license": "Apache-2.0",
      "optional": true,
      "os": [
        "linux"
      ],
      "engines": {
        "node": ">=16"
      }
    },
    "node_modules/@openai/codex-linux-x64": {
      "name": "@openai/codex",
      "version": "0.145.0-linux-x64",
      "resolved": "https://registry.npmjs.org/@openai/codex/-/codex-0.145.0-linux-x64.tgz",
      "integrity": "sha512-u8w8LLv3DvsfrDCoswLIemZ0SoNEXyi511WsfFsSiYUazk9qMsB/NtU8N9vhAfN7mZAxLFoMex4v66JjHuZWwA==",
      "cpu": [
        "x64"
      ],
      "license": "Apache-2.0",
      "optional": true,
      "os": [
        "linux"
      ],
      "engines": {
        "node": ">=16"
      }
    },
    "node_modules/@openai/codex-win32-arm64": {
      "name": "@openai/codex",
      "version": "0.145.0-win32-arm64",
      "resolved": "https://registry.npmjs.org/@openai/codex/-/codex-0.145.0-win32-arm64.tgz",
      "integrity": "sha512-sub61rjEFevi1i3Zx7nAd4JM5XxoNFqMqFc5LfTo2xSI8ixHjFvEYDFDXwXOftT04n3Ht1Wh271ioUZpDiEjEg==",
      "cpu": [
        "arm64"
      ],
      "license": "Apache-2.0",
      "optional": true,
      "os": [
        "win32"
      ],
      "engines": {
        "node": ">=16"
      }
    },
    "node_modules/@openai/codex-win32-x64": {
      "name": "@openai/codex",
      "version": "0.145.0-win32-x64",
      "resolved": "https://registry.npmjs.org/@openai/codex/-/codex-0.145.0-win32-x64.tgz",
      "integrity": "sha512-u0h9lk094CaXRSqE34SBW2dRaQTPa6fASXqehczWH9QdsU62mBsiAgAdp6tCG4i+YzPmmhjD8FdXNnYGNmwuMg==",
      "cpu": [
        "x64"
      ],
      "license": "Apache-2.0",
      "optional": true,
      "os": [
        "win32"
      ],
      "engines": {
        "node": ">=16"
      }
    },
    "node_modules/opencode-ai": {
      "version": "1.17.18",
      "resolved": "https://registry.npmjs.org/opencode-ai/-/opencode-ai-1.17.18.tgz",
      "integrity": "sha512-gpCE5X3dwvYam2ba9r3mw+FTPBTDlmKkguiOoYF1nv9MVA3sDIXje3tPQ+EMNxYkWD43FN3+eVC1GW6tRO9Aiw==",
      "cpu": [
        "arm64",
        "x64"
      ],
      "hasInstallScript": true,
      "license": "MIT",
      "os": [
        "darwin",
        "linux",
        "win32"
      ],
      "bin": {
        "opencode": "bin/opencode.exe"
      },
      "optionalDependencies": {
        "opencode-darwin-arm64": "1.17.18",
        "opencode-darwin-x64": "1.17.18",
        "opencode-darwin-x64-baseline": "1.17.18",
        "opencode-linux-arm64": "1.17.18",
        "opencode-linux-arm64-musl": "1.17.18",
        "opencode-linux-x64": "1.17.18",
        "opencode-linux-x64-baseline": "1.17.18",
        "opencode-linux-x64-baseline-musl": "1.17.18",
        "opencode-linux-x64-musl": "1.17.18",
        "opencode-windows-arm64": "1.17.18",
        "opencode-windows-x64": "1.17.18",
        "opencode-windows-x64-baseline": "1.17.18"
      }
    },
    "node_modules/opencode-darwin-arm64": {
      "version": "1.17.18",
      "resolved": "https://registry.npmjs.org/opencode-darwin-arm64/-/opencode-darwin-arm64-1.17.18.tgz",
      "integrity": "sha512-wcnsPXxNnIggdva8rQ2KAWi17GdyDL4joAT+M/+UqkRFXhTBgfScWiWyCAGpZitDlpxd0K5W79NPjal54A8aiw==",
      "cpu": [
        "arm64"
      ],
      "optional": true,
      "os": [
        "darwin"
      ]
    },
    "node_modules/opencode-darwin-x64": {
      "version": "1.17.18",
      "resolved": "https://registry.npmjs.org/opencode-darwin-x64/-/opencode-darwin-x64-1.17.18.tgz",
      "integrity": "sha512-WwTwf6pCMkJ4ed3l6mLn2+eVz+Yli+5ijine0Hx7r+LVUYv9Odo46lHO4ZLd2m/dbnnDcX5xHNklasBNfCkBEQ==",
      "cpu": [
        "x64"
      ],
      "optional": true,
      "os": [
        "darwin"
      ]
    },
    "node_modules/opencode-darwin-x64-baseline": {
      "version": "1.17.18",
      "resolved": "https://registry.npmjs.org/opencode-darwin-x64-baseline/-/opencode-darwin-x64-baseline-1.17.18.tgz",
      "integrity": "sha512-kkUWjHQBtYtbtoAxV7N8srXpAdWu7ajynnrUQ/raHhJc2HnsR3Ud6/Ms60YSpNWOuCZ/WgtISpXkg12E7opvcA==",
      "cpu": [
        "x64"
      ],
      "optional": true,
      "os": [
        "darwin"
      ]
    },
    "node_modules/opencode-linux-arm64": {
      "version": "1.17.18",
      "resolved": "https://registry.npmjs.org/opencode-linux-arm64/-/opencode-linux-arm64-1.17.18.tgz",
      "integrity": "sha512-VrTs+uQndp+B442Bfxf1a7BX9599gARjQCJ+MVCkcxl4Dr4gbBw7EfjKgGvhCqKUN5Hv2I7hUG/EZ1Ix3T6xrw==",
      "cpu": [
        "arm64"
      ],
      "optional": true,
      "os": [
        "linux"
      ]
    },
    "node_modules/opencode-linux-arm64-musl": {
      "version": "1.17.18",
      "resolved": "https://registry.npmjs.org/opencode-linux-arm64-musl/-/opencode-linux-arm64-musl-1.17.18.tgz",
      "integrity": "sha512-KW+77OknysG0gkD8tRzIcFKuv2mJR3jDtEQcCOhXmkAEWv7rEIqaDehWDa35F7AKjNJnJ4f6P7dDLMDJeQztHg==",
      "cpu": [
        "arm64"
      ],
      "libc": [
        "musl"
      ],
      "optional": true,
      "os": [
        "linux"
      ]
    },
    "node_modules/opencode-linux-x64": {
      "version": "1.17.18",
      "resolved": "https://registry.npmjs.org/opencode-linux-x64/-/opencode-linux-x64-1.17.18.tgz",
      "integrity": "sha512-8BmT22yp7pCXXu/HvAMaJsNNd6xhmlUrGs5YZSfU0neZfkSZg+Dkf9IGsuOugOtL0x2erDg2/6rRBpcJAGmTrA==",
      "cpu": [
        "x64"
      ],
      "optional": true,
      "os": [
        "linux"
      ]
    },
    "node_modules/opencode-linux-x64-baseline": {
      "version": "1.17.18",
      "resolved": "https://registry.npmjs.org/opencode-linux-x64-baseline/-/opencode-linux-x64-baseline-1.17.18.tgz",
      "integrity": "sha512-ZHgobRKdHocQJSAzrz/ekKBjN1cScB+u07Zgr5Hzks2zm+ZyuN5zvx/NOKM7ImPEy3TQ0+swXvtoYKCOE4Tpbw==",
      "cpu": [
        "x64"
      ],
      "optional": true,
      "os": [
        "linux"
      ]
    },
    "node_modules/opencode-linux-x64-baseline-musl": {
      "version": "1.17.18",
      "resolved": "https://registry.npmjs.org/opencode-linux-x64-baseline-musl/-/opencode-linux-x64-baseline-musl-1.17.18.tgz",
      "integrity": "sha512-e4/FLdohz2euPXsziktv7mKrYLO01R4n7bwMvhAcPDaYc9zCagHUoALZVYm0BXtVB6YikaIfnHsbAIAgNlC37w==",
      "cpu": [
        "x64"
      ],
      "libc": [
        "musl"
      ],
      "optional": true,
      "os": [
        "linux"
      ]
    },
    "node_modules/opencode-linux-x64-musl": {
      "version": "1.17.18",
      "resolved": "https://registry.npmjs.org/opencode-linux-x64-musl/-/opencode-linux-x64-musl-1.17.18.tgz",
      "integrity": "sha512-3pWmNMZ08vsOVnQcOydqnE66NTZjqMZllcX6M9w+nCbQ2Edi6xWL1NMiW9MFvjyJMuOxTqzif6RvpIcK3CZHxw==",
      "cpu": [
        "x64"
      ],
      "libc": [
        "musl"
      ],
      "optional": true,
      "os": [
        "linux"
      ]
    },
    "node_modules/opencode-windows-arm64": {
      "version": "1.17.18",
      "resolved": "https://registry.npmjs.org/opencode-windows-arm64/-/opencode-windows-arm64-1.17.18.tgz",
      "integrity": "sha512-5vtCGvt3k1RbhiB31Sg4Q0H1Qy+npFMD1y4N3fhx8X+Dyrzfly7SPQNQPtSt8nDluRhcCB0oFl9suDew2q2YOg==",
      "cpu": [
        "arm64"
      ],
      "optional": true,
      "os": [
        "win32"
      ]
    },
    "node_modules/opencode-windows-x64": {
      "version": "1.17.18",
      "resolved": "https://registry.npmjs.org/opencode-windows-x64/-/opencode-windows-x64-1.17.18.tgz",
      "integrity": "sha512-6i17BI5tmQvopBm6lwerPu2I7p2BYneX7XDlHYeVCy9+INL0T8sD8Ww+Lobqs76E8kepwP1NVqEFzs5DkLYVJw==",
      "cpu": [
        "x64"
      ],
      "optional": true,
      "os": [
        "win32"
      ]
    },
    "node_modules/opencode-windows-x64-baseline": {
      "version": "1.17.18",
      "resolved": "https://registry.npmjs.org/opencode-windows-x64-baseline/-/opencode-windows-x64-baseline-1.17.18.tgz",
      "integrity": "sha512-pt9ga2UcoTUo6+/rFvZZ+KOxHXkVMHPqBi3tVjI/B96icAGtpXNPDznK+HuahBFKKMr9y8pwu17yd94Vn+gMMg==",
      "cpu": [
        "x64"
      ],
      "optional": true,
      "os": [
        "win32"
      ]
    }
  }
}
